
Microsoft Visual Studio Solution File, Format Version 12.00
# Visual Studio Version 16
VisualStudioVersion = 16.0.30621.155
MinimumVisualStudioVersion = 10.0.40219.1
Project("{FAE04EC0-301F-11D3-BF4B-00C04F79EFBC}") = "DepthCharts", "ConsoleApp1\DepthCharts.csproj", "{AF234731-0BA4-45C0-80EE-21760B577056}"
EndProject
Project("{FAE04EC0-301F-11D3-BF4B-00C04F79EFBC}") = "DepthChartLib", "DepthChartLib\DepthChartLib.csproj", "{B533EAA0-5E79-49F1-80B8-B352FA6BF66D}"
EndProject
Project("{FAE04EC0-301F-11D3-BF4B-00C04F79EFBC}") = "DepthChartLibTestProject", "DepthChartLibTestProject\DepthChartLibTestProject.csproj", "{B08270BC-6CF3-4990-A12A-93BA29B2B40C}"
EndProject
Project("{FAE04EC0-301F-11D3-BF4B-00C04F79EFBC}") = "DepthChart.Common.Models", "DepthChart.Common.Models\DepthChart.Common.Models.csproj", "{A57C0CB3-26ED-4B20-81DE-2A005742F0A7}"
EndProject
Global
	GlobalSection(SolutionConfigurationPlatforms) = preSolution
		Debug|Any CPU = Debug|Any CPU
		Release|Any CPU = Release|Any CPU
	EndGlobalSection
	GlobalSection(ProjectConfigurationPlatforms) = postSolution
		{AF234731-0BA4-45C0-80EE-21760B577056}.Debug|Any CPU.ActiveCfg = Debug|Any CPU
		{AF234731-0BA4-45C0-80EE-21760B577056}.Debug|Any CPU.Build.0 = Debug|Any CPU
		{AF234731-0BA4-45C0-80EE-21760B577056}.Release|Any CPU.ActiveCfg = Release|Any CPU
		{AF234731-0BA4-45C0-80EE-21760B577056}.Release|Any CPU.Build.0 = Release|Any CPU
		{B533EAA0-5E79-49F1-80B8-B352FA6BF66D}.Debug|Any CPU.ActiveCfg = Debug|Any CPU
		{B533EAA0-5E79-49F1-80B8-B352FA6BF66D}.Debug|Any CPU.Build.0 = Debug|Any CPU
		{B533EAA0-5E79-49F1-80B8-B352FA6BF66D}.Release|Any CPU.ActiveCfg = Release|Any CPU
		{B533EAA0-5E79-49F1-80B8-B352FA6BF66D}.Release|Any CPU.Build.0 = Release|Any CPU
		{B08270BC-6CF3-4990-A12A-93BA29B2B40C}.Debug|Any CPU.ActiveCfg = Debug|Any CPU
		{B08270BC-6CF3-4990-A12A-93BA29B2B40C}.Debug|Any CPU.Build.0 = Debug|Any CPU
		{B08270BC-6CF3-4990-A12A-93BA29B2B40C}.Release|Any CPU.ActiveCfg = Release|Any CPU
		{B08270BC-6CF3-4990-A12A-93BA29B2B40C}.Release|Any CPU.Build.0 = Release|Any CPU
		{A57C0CB3-26ED-4B20-81DE-2A005742F0A7}.Debug|Any CPU.ActiveCfg = Debug|Any CPU
		{A57C0CB3-26ED-4B20-81DE-2A005742F0A7}.Debug|Any CPU.Build.0 = Debug|Any CPU
		{A57C0CB3-26ED-4B20-81DE-2A005742F0A7}.Release|Any CPU.ActiveCfg = Release|Any CPU
		{A57C0CB3-26ED-4B20-81DE-2A005742F0A7}.Release|Any CPU.Build.0 = Release|Any CPU
	EndGlobalSection
	GlobalSection(SolutionProperties) = preSolution
		HideSolutionNode = FALSE
	EndGlobalSection
	GlobalSection(ExtensibilityGlobals) = postSolution
		SolutionGuid = {AC3B8D3D-44C8-4358-9529-0E8332FA1C6C}
	EndGlobalSection
EndGlobal
